
Microsoft Visual Studio Solution File, Format Version 12.00
# Visual Studio Version 17
VisualStudioVersion = 17.7.34221.43
MinimumVisualStudioVersion = 10.0.40219.1
Project("{FAE04EC0-301F-11D3-BF4B-00C04F79EFBC}") = "QuanLyThuVien", "QuanLyThuVien.csproj", "{D419CC7F-965C-4463-A640-C4E172BFBA47}"
EndProject
Global
	GlobalSection(SolutionConfigurationPlatforms) = preSolution
		Debug|Any CPU = Debug|Any CPU
		Release|Any CPU = Release|Any CPU
	EndGlobalSection
	GlobalSection(ProjectConfigurationPlatforms) = postSolution
		{D419CC7F-965C-4463-A640-C4E172BFBA47}.Debug|Any CPU.ActiveCfg = Debug|Any CPU
		{D419CC7F-965C-4463-A640-C4E172BFBA47}.Debug|Any CPU.Build.0 = Debug|Any CPU
		{D419CC7F-965C-4463-A640-C4E172BFBA47}.Release|Any CPU.ActiveCfg = Release|Any CPU
		{D419CC7F-965C-4463-A640-C4E172BFBA47}.Release|Any CPU.Build.0 = Release|Any CPU
	EndGlobalSection
	GlobalSection(SolutionProperties) = preSolution
		HideSolutionNode = FALSE
	EndGlobalSection
	GlobalSection(ExtensibilityGlobals) = postSolution
		SolutionGuid = {47707AF2-AB45-42C9-B7AC-EC6AB046FBBB}
	EndGlobalSection
EndGlobal
